
Microsoft Visual Studio Solution File, Format Version 12.00
# Visual Studio Version 16
VisualStudioVersion = 25.0.1706.1
MinimumVisualStudioVersion = 10.0.40219.1
Project("{FAE04EC0-301F-11D3-BF4B-00C04F79EFBC}") = "Catalog", "Catalog.csproj", "{42728464-0D85-4E9B-B16F-ACFB38179F11}"
EndProject
Global
	GlobalSection(SolutionConfigurationPlatforms) = preSolution
		Debug|Any CPU = Debug|Any CPU
		Release|Any CPU = Release|Any CPU
	EndGlobalSection
	GlobalSection(ProjectConfigurationPlatforms) = postSolution
		{42728464-0D85-4E9B-B16F-ACFB38179F11}.Debug|Any CPU.ActiveCfg = Debug|Any CPU
		{42728464-0D85-4E9B-B16F-ACFB38179F11}.Debug|Any CPU.Build.0 = Debug|Any CPU
		{42728464-0D85-4E9B-B16F-ACFB38179F11}.Release|Any CPU.ActiveCfg = Release|Any CPU
		{42728464-0D85-4E9B-B16F-ACFB38179F11}.Release|Any CPU.Build.0 = Release|Any CPU
	EndGlobalSection
	GlobalSection(SolutionProperties) = preSolution
		HideSolutionNode = FALSE
	EndGlobalSection
	GlobalSection(ExtensibilityGlobals) = postSolution
		SolutionGuid = {E2634A6E-9B10-4A51-B16B-AD97AE3CC1FC}
	EndGlobalSection
EndGlobal
